<?xml version="1.0" encoding="utf-8"?>
<Project ToolsVersion="4.0" xmlns="http://schemas.microsoft.com/developer/msbuild/2003">
  <ItemGroup>
    <Filter Include="源文件">
      <UniqueIdentifier>{4FC737F1-C7A5-4376-A066-2A32D752A2FF}</UniqueIdentifier>
      <Extensions>cpp;c;cc;cxx;c++;cppm;ixx;def;odl;idl;hpj;bat;asm;asmx</Extensions>
    </Filter>
    <Filter Include="头文件">
      <UniqueIdentifier>{93995380-89BD-4b04-88EB-625FBE52EBFB}</UniqueIdentifier>
      <Extensions>h;hh;hpp;hxx;h++;hm;inl;inc;ipp;xsd</Extensions>
    </Filter>
    <Filter Include="资源文件">
      <UniqueIdentifier>{67DA6AB6-F800-4c08-8B7A-83BB121AAD01}</UniqueIdentifier>
      <Extensions>rc;ico;cur;bmp;dlg;rc2;rct;bin;rgs;gif;jpg;jpeg;jpe;resx;tiff;tif;png;wav;mfcribbon-ms</Extensions>
    </Filter>
    <Filter Include="源文件\Shader_test">
      <UniqueIdentifier>{ded6ab12-780d-4151-a638-0f36eb51f820}</UniqueIdentifier>
    </Filter>
    <Filter Include="源文件\Shader_test\cpp">
      <UniqueIdentifier>{a41d8ea0-ef40-4955-a642-aed4195002bd}</UniqueIdentifier>
    </Filter>
    <Filter Include="源文件\Shader_test\header">
      <UniqueIdentifier>{cb1a6cf0-f359-4d70-8a75-6ac55be60562}</UniqueIdentifier>
    </Filter>
    <Filter Include="源文件\Shader_test\shader">
      <UniqueIdentifier>{34bc94d5-ff51-458b-995e-64eda35e33bf}</UniqueIdentifier>
    </Filter>
    <Filter Include="源文件\Shader_test\Texture">
      <UniqueIdentifier>{49353715-4dd0-45a4-a4c0-53c8cf75058c}</UniqueIdentifier>
    </Filter>
  </ItemGroup>
  <ItemGroup>
    <ClCompile Include="Source\main.cpp">
      <Filter>源文件\Shader_test\cpp</Filter>
    </ClCompile>
    <ClCompile Include="Source\FrameBufferObject.cpp">
      <Filter>源文件\Shader_test\cpp</Filter>
    </ClCompile>
    <ClCompile Include="Source\GeometryGenerator.cpp">
      <Filter>源文件\Shader_test\cpp</Filter>
    </ClCompile>
    <ClCompile Include="Source\render.cpp">
      <Filter>源文件\Shader_test\cpp</Filter>
    </ClCompile>
    <ClCompile Include="Source\test_camera.cpp">
      <Filter>源文件\Shader_test\cpp</Filter>
    </ClCompile>
    <ClCompile Include="Source\TextureLoader.cpp">
      <Filter>源文件\Shader_test\cpp</Filter>
    </ClCompile>
    <ClCompile Include="Source\Utils.cpp">
      <Filter>源文件\Shader_test\cpp</Filter>
    </ClCompile>
    <ClCompile Include="Source\glad.c">
      <Filter>源文件</Filter>
    </ClCompile>
    <ClCompile Include="Source\shader.cpp">
      <Filter>源文件\Shader_test\cpp</Filter>
    </ClCompile>
    <ClCompile Include="Source\Collision.cpp">
      <Filter>源文件\Shader_test\cpp</Filter>
    </ClCompile>
    <ClCompile Include="Source\MeshLoader.cpp">
      <Filter>源文件\Shader_test\cpp</Filter>
    </ClCompile>
  </ItemGroup>
  <ItemGroup>
    <ClInclude Include="..\..\Libraries\Includes\stb_image.h">
      <Filter>头文件</Filter>
    </ClInclude>
    <ClInclude Include="..\..\Libraries\Includes\glad\glad.h">
      <Filter>源文件\Shader_test</Filter>
    </ClInclude>
    <ClInclude Include="Source\FrameBufferObject.h">
      <Filter>源文件\Shader_test\header</Filter>
    </ClInclude>
    <ClInclude Include="Source\GeometryGenerator.h">
      <Filter>源文件\Shader_test\header</Filter>
    </ClInclude>
    <ClInclude Include="Source\render.h">
      <Filter>源文件\Shader_test\header</Filter>
    </ClInclude>
    <ClInclude Include="Source\test_camera.h">
      <Filter>源文件\Shader_test\header</Filter>
    </ClInclude>
    <ClInclude Include="Source\test_shader.h">
      <Filter>源文件\Shader_test\header</Filter>
    </ClInclude>
    <ClInclude Include="Source\TextureLoader.h">
      <Filter>源文件\Shader_test\header</Filter>
    </ClInclude>
    <ClInclude Include="Source\Utils.h">
      <Filter>源文件\Shader_test\header</Filter>
    </ClInclude>
    <ClInclude Include="Source\Collision.h">
      <Filter>源文件\Shader_test\header</Filter>
    </ClInclude>
    <ClInclude Include="Source\MeshLoader.h">
      <Filter>源文件\Shader_test\header</Filter>
    </ClInclude>
  </ItemGroup>
  <ItemGroup>
    <Image Include="Texture\back.jpg">
      <Filter>源文件\Shader_test\Texture</Filter>
    </Image>
    <Image Include="Texture\bottom.jpg">
      <Filter>源文件\Shader_test\Texture</Filter>
    </Image>
    <Image Include="Texture\brickwall.jpg">
      <Filter>源文件\Shader_test\Texture</Filter>
    </Image>
    <Image Include="Texture\brickwall_normal.jpg">
      <Filter>源文件\Shader_test\Texture</Filter>
    </Image>
    <Image Include="Texture\front.jpg">
      <Filter>源文件\Shader_test\Texture</Filter>
    </Image>
    <Image Include="Texture\left.jpg">
      <Filter>源文件\Shader_test\Texture</Filter>
    </Image>
    <Image Include="Texture\right.jpg">
      <Filter>源文件\Shader_test\Texture</Filter>
    </Image>
    <Image Include="Texture\top.jpg">
      <Filter>源文件\Shader_test\Texture</Filter>
    </Image>
  </ItemGroup>
  <ItemGroup>
    <None Include="shader\BoundingBox.frag">
      <Filter>源文件\Shader_test\shader</Filter>
    </None>
    <None Include="shader\BoundingBox.vert">
      <Filter>源文件\Shader_test\shader</Filter>
    </None>
    <None Include="shader\Light.frag">
      <Filter>源文件\Shader_test\shader</Filter>
    </None>
    <None Include="shader\Light.vert">
      <Filter>源文件\Shader_test\shader</Filter>
    </None>
    <None Include="shader\screen.frag">
      <Filter>源文件\Shader_test\shader</Filter>
    </None>
    <None Include="shader\screen.vert">
      <Filter>源文件\Shader_test\shader</Filter>
    </None>
    <None Include="shader\Shadow.frag">
      <Filter>源文件\Shader_test\shader</Filter>
    </None>
    <None Include="shader\Shadow.vert">
      <Filter>源文件\Shader_test\shader</Filter>
    </None>
    <None Include="shader\Shape.frag">
      <Filter>源文件\Shader_test\shader</Filter>
    </None>
    <None Include="shader\Shape.geo">
      <Filter>源文件\Shader_test\shader</Filter>
    </None>
    <None Include="shader\Shape.vert">
      <Filter>源文件\Shader_test\shader</Filter>
    </None>
    <None Include="shader\SkyBox.frag">
      <Filter>源文件\Shader_test\shader</Filter>
    </None>
    <None Include="shader\SkyBox.vert">
      <Filter>源文件\Shader_test\shader</Filter>
    </None>
  </ItemGroup>
</Project>